
Microsoft Visual Studio Solution File, Format Version 12.00
# Visual Studio Version 16
VisualStudioVersion = 16.0.28803.156
MinimumVisualStudioVersion = 10.0.40219.1
Project("{9A19103F-16F7-4668-BE54-9A1E7A4F7556}") = "AuthService", "AuthService\AuthService.csproj", "{416F6DAB-5458-4F0A-AE05-1958B86F105B}"
EndProject
Project("{9A19103F-16F7-4668-BE54-9A1E7A4F7556}") = "AuthService.Data", "AuthService.Data\AuthService.Data.csproj", "{EE07999B-5C12-4A21-9000-3AC9C2D13FFE}"
EndProject
Project("{9A19103F-16F7-4668-BE54-9A1E7A4F7556}") = "Utils", "AuthService.Utils\Utils.csproj", "{59AD5292-A368-4936-9562-78CFC5E28539}"
EndProject
Project("{9A19103F-16F7-4668-BE54-9A1E7A4F7556}") = "AuthService.Core", "AuthService.Core\AuthService.Core.csproj", "{3919B65D-C379-4269-AF7C-D79EBDBEB793}"
EndProject
Project("{9A19103F-16F7-4668-BE54-9A1E7A4F7556}") = "ProfileService", "ProfileService\ProfileService.csproj", "{570897FA-415D-424C-B456-923159D54BBD}"
EndProject
Project("{9A19103F-16F7-4668-BE54-9A1E7A4F7556}") = "ProfileService.Data", "ProfileService.Data\ProfileService.Data.csproj", "{072E639F-996B-4A3D-B709-AC26691769D5}"
EndProject
Project("{9A19103F-16F7-4668-BE54-9A1E7A4F7556}") = "ProfileService.Core", "ProfileService.Core\ProfileService.Core.csproj", "{CAF7CAD6-8B44-414F-8F1D-013E154B09F3}"
EndProject
Project("{9A19103F-16F7-4668-BE54-9A1E7A4F7556}") = "QuestionService", "QuestionService\QuestionService.csproj", "{9006E5A8-03CF-4A18-8255-DCBB180998CC}"
EndProject
Project("{9A19103F-16F7-4668-BE54-9A1E7A4F7556}") = "QuestionService.Data", "QuestionService.Data\QuestionService.Data.csproj", "{0330CF88-1BD1-4076-9E71-39949AB07BB6}"
EndProject
Project("{9A19103F-16F7-4668-BE54-9A1E7A4F7556}") = "QuestionService.Core", "QuestionService.Core\QuestionService.Core.csproj", "{55BF1FA5-13B3-4156-8A11-DD9DE38ED419}"
EndProject
Project("{9A19103F-16F7-4668-BE54-9A1E7A4F7556}") = "VoteService", "VoteService\VoteService.csproj", "{E7AB1421-428D-4B5E-9548-C7CDC7BC5877}"
EndProject
Project("{9A19103F-16F7-4668-BE54-9A1E7A4F7556}") = "VoteService.Data", "VoteService.Data\VoteService.Data.csproj", "{F0EA247D-2E5C-4044-B3C0-15AF6273BBB1}"
EndProject
Project("{9A19103F-16F7-4668-BE54-9A1E7A4F7556}") = "VoteService.Core", "VoteService.Core\VoteService.Core.csproj", "{5E8B5447-0BC5-460E-B5D3-722F99B1A304}"
EndProject
Global
	GlobalSection(SolutionConfigurationPlatforms) = preSolution
		Debug|Any CPU = Debug|Any CPU
		Release|Any CPU = Release|Any CPU
	EndGlobalSection
	GlobalSection(ProjectConfigurationPlatforms) = postSolution
		{416F6DAB-5458-4F0A-AE05-1958B86F105B}.Debug|Any CPU.ActiveCfg = Debug|Any CPU
		{416F6DAB-5458-4F0A-AE05-1958B86F105B}.Debug|Any CPU.Build.0 = Debug|Any CPU
		{416F6DAB-5458-4F0A-AE05-1958B86F105B}.Release|Any CPU.ActiveCfg = Release|Any CPU
		{416F6DAB-5458-4F0A-AE05-1958B86F105B}.Release|Any CPU.Build.0 = Release|Any CPU
		{EE07999B-5C12-4A21-9000-3AC9C2D13FFE}.Debug|Any CPU.ActiveCfg = Debug|Any CPU
		{EE07999B-5C12-4A21-9000-3AC9C2D13FFE}.Debug|Any CPU.Build.0 = Debug|Any CPU
		{EE07999B-5C12-4A21-9000-3AC9C2D13FFE}.Release|Any CPU.ActiveCfg = Release|Any CPU
		{EE07999B-5C12-4A21-9000-3AC9C2D13FFE}.Release|Any CPU.Build.0 = Release|Any CPU
		{59AD5292-A368-4936-9562-78CFC5E28539}.Debug|Any CPU.ActiveCfg = Debug|Any CPU
		{59AD5292-A368-4936-9562-78CFC5E28539}.Debug|Any CPU.Build.0 = Debug|Any CPU
		{59AD5292-A368-4936-9562-78CFC5E28539}.Release|Any CPU.ActiveCfg = Release|Any CPU
		{59AD5292-A368-4936-9562-78CFC5E28539}.Release|Any CPU.Build.0 = Release|Any CPU
		{3919B65D-C379-4269-AF7C-D79EBDBEB793}.Debug|Any CPU.ActiveCfg = Debug|Any CPU
		{3919B65D-C379-4269-AF7C-D79EBDBEB793}.Debug|Any CPU.Build.0 = Debug|Any CPU
		{3919B65D-C379-4269-AF7C-D79EBDBEB793}.Release|Any CPU.ActiveCfg = Release|Any CPU
		{3919B65D-C379-4269-AF7C-D79EBDBEB793}.Release|Any CPU.Build.0 = Release|Any CPU
		{570897FA-415D-424C-B456-923159D54BBD}.Debug|Any CPU.ActiveCfg = Debug|Any CPU
		{570897FA-415D-424C-B456-923159D54BBD}.Debug|Any CPU.Build.0 = Debug|Any CPU
		{570897FA-415D-424C-B456-923159D54BBD}.Release|Any CPU.ActiveCfg = Release|Any CPU
		{570897FA-415D-424C-B456-923159D54BBD}.Release|Any CPU.Build.0 = Release|Any CPU
		{072E639F-996B-4A3D-B709-AC26691769D5}.Debug|Any CPU.ActiveCfg = Debug|Any CPU
		{072E639F-996B-4A3D-B709-AC26691769D5}.Debug|Any CPU.Build.0 = Debug|Any CPU
		{072E639F-996B-4A3D-B709-AC26691769D5}.Release|Any CPU.ActiveCfg = Release|Any CPU
		{072E639F-996B-4A3D-B709-AC26691769D5}.Release|Any CPU.Build.0 = Release|Any CPU
		{CAF7CAD6-8B44-414F-8F1D-013E154B09F3}.Debug|Any CPU.ActiveCfg = Debug|Any CPU
		{CAF7CAD6-8B44-414F-8F1D-013E154B09F3}.Debug|Any CPU.Build.0 = Debug|Any CPU
		{CAF7CAD6-8B44-414F-8F1D-013E154B09F3}.Release|Any CPU.ActiveCfg = Release|Any CPU
		{CAF7CAD6-8B44-414F-8F1D-013E154B09F3}.Release|Any CPU.Build.0 = Release|Any CPU
		{9006E5A8-03CF-4A18-8255-DCBB180998CC}.Debug|Any CPU.ActiveCfg = Debug|Any CPU
		{9006E5A8-03CF-4A18-8255-DCBB180998CC}.Debug|Any CPU.Build.0 = Debug|Any CPU
		{9006E5A8-03CF-4A18-8255-DCBB180998CC}.Release|Any CPU.ActiveCfg = Release|Any CPU
		{9006E5A8-03CF-4A18-8255-DCBB180998CC}.Release|Any CPU.Build.0 = Release|Any CPU
		{0330CF88-1BD1-4076-9E71-39949AB07BB6}.Debug|Any CPU.ActiveCfg = Debug|Any CPU
		{0330CF88-1BD1-4076-9E71-39949AB07BB6}.Debug|Any CPU.Build.0 = Debug|Any CPU
		{0330CF88-1BD1-4076-9E71-39949AB07BB6}.Release|Any CPU.ActiveCfg = Release|Any CPU
		{0330CF88-1BD1-4076-9E71-39949AB07BB6}.Release|Any CPU.Build.0 = Release|Any CPU
		{55BF1FA5-13B3-4156-8A11-DD9DE38ED419}.Debug|Any CPU.ActiveCfg = Debug|Any CPU
		{55BF1FA5-13B3-4156-8A11-DD9DE38ED419}.Debug|Any CPU.Build.0 = Debug|Any CPU
		{55BF1FA5-13B3-4156-8A11-DD9DE38ED419}.Release|Any CPU.ActiveCfg = Release|Any CPU
		{55BF1FA5-13B3-4156-8A11-DD9DE38ED419}.Release|Any CPU.Build.0 = Release|Any CPU
		{E7AB1421-428D-4B5E-9548-C7CDC7BC5877}.Debug|Any CPU.ActiveCfg = Debug|Any CPU
		{E7AB1421-428D-4B5E-9548-C7CDC7BC5877}.Debug|Any CPU.Build.0 = Debug|Any CPU
		{E7AB1421-428D-4B5E-9548-C7CDC7BC5877}.Release|Any CPU.ActiveCfg = Release|Any CPU
		{E7AB1421-428D-4B5E-9548-C7CDC7BC5877}.Release|Any CPU.Build.0 = Release|Any CPU
		{F0EA247D-2E5C-4044-B3C0-15AF6273BBB1}.Debug|Any CPU.ActiveCfg = Debug|Any CPU
		{F0EA247D-2E5C-4044-B3C0-15AF6273BBB1}.Debug|Any CPU.Build.0 = Debug|Any CPU
		{F0EA247D-2E5C-4044-B3C0-15AF6273BBB1}.Release|Any CPU.ActiveCfg = Release|Any CPU
		{F0EA247D-2E5C-4044-B3C0-15AF6273BBB1}.Release|Any CPU.Build.0 = Release|Any CPU
		{5E8B5447-0BC5-460E-B5D3-722F99B1A304}.Debug|Any CPU.ActiveCfg = Debug|Any CPU
		{5E8B5447-0BC5-460E-B5D3-722F99B1A304}.Debug|Any CPU.Build.0 = Debug|Any CPU
		{5E8B5447-0BC5-460E-B5D3-722F99B1A304}.Release|Any CPU.ActiveCfg = Release|Any CPU
		{5E8B5447-0BC5-460E-B5D3-722F99B1A304}.Release|Any CPU.Build.0 = Release|Any CPU
	EndGlobalSection
	GlobalSection(SolutionProperties) = preSolution
		HideSolutionNode = FALSE
	EndGlobalSection
	GlobalSection(ExtensibilityGlobals) = postSolution
		SolutionGuid = {0F73C24D-1377-48F2-AC49-69B9F2F9405A}
	EndGlobalSection
EndGlobal
